
Microsoft Visual Studio Solution File, Format Version 11.00
# Visual Studio 2010
Project("{FAE04EC0-301F-11D3-BF4B-00C04F79EFBC}") = "Sword", "Assembly-CSharp.csproj", "{CF55AB2C-0AB9-92B4-76AD-FADA9B023E80}"
EndProject
Project("{6C198603-789A-4928-477E-CCD5D550B6B2}") = "Sword", "Assembly-UnityScript.unityproj", "{6F0348FD-3F64-312C-EABE-CAFFDC5D730D}"
EndProject
Global
	GlobalSection(SolutionConfigurationPlatforms) = preSolution
		Debug|Any CPU = Debug|Any CPU
		Release|Any CPU = Release|Any CPU
	EndGlobalSection
	GlobalSection(ProjectConfigurationPlatforms) = postSolution
		{CF55AB2C-0AB9-92B4-76AD-FADA9B023E80}.Debug|Any CPU.ActiveCfg = Debug|Any CPU
		{CF55AB2C-0AB9-92B4-76AD-FADA9B023E80}.Debug|Any CPU.Build.0 = Debug|Any CPU
		{CF55AB2C-0AB9-92B4-76AD-FADA9B023E80}.Release|Any CPU.ActiveCfg = Release|Any CPU
		{CF55AB2C-0AB9-92B4-76AD-FADA9B023E80}.Release|Any CPU.Build.0 = Release|Any CPU
		{6F0348FD-3F64-312C-EABE-CAFFDC5D730D}.Debug|Any CPU.ActiveCfg = Debug|Any CPU
		{6F0348FD-3F64-312C-EABE-CAFFDC5D730D}.Debug|Any CPU.Build.0 = Debug|Any CPU
		{6F0348FD-3F64-312C-EABE-CAFFDC5D730D}.Release|Any CPU.ActiveCfg = Release|Any CPU
		{6F0348FD-3F64-312C-EABE-CAFFDC5D730D}.Release|Any CPU.Build.0 = Release|Any CPU
	EndGlobalSection
	GlobalSection(SolutionProperties) = preSolution
		HideSolutionNode = FALSE
	EndGlobalSection
	GlobalSection(MonoDevelopProperties) = preSolution
		StartupItem = Assembly-CSharp.csproj
	EndGlobalSection
EndGlobal
